
Microsoft Visual Studio Solution File, Format Version 12.00
# Visual Studio Version 16
VisualStudioVersion = 16.0.30204.135
MinimumVisualStudioVersion = 10.0.40219.1
Project("{FAE04EC0-301F-11D3-BF4B-00C04F79EFBC}") = "OOP5", "OOP5\OOP5.csproj", "{1C216286-8459-4EB0-B006-82517E333279}"
EndProject
Global
	GlobalSection(SolutionConfigurationPlatforms) = preSolution
		Debug|Any CPU = Debug|Any CPU
		Release|Any CPU = Release|Any CPU
	EndGlobalSection
	GlobalSection(ProjectConfigurationPlatforms) = postSolution
		{1C216286-8459-4EB0-B006-82517E333279}.Debug|Any CPU.ActiveCfg = Debug|Any CPU
		{1C216286-8459-4EB0-B006-82517E333279}.Debug|Any CPU.Build.0 = Debug|Any CPU
		{1C216286-8459-4EB0-B006-82517E333279}.Release|Any CPU.ActiveCfg = Release|Any CPU
		{1C216286-8459-4EB0-B006-82517E333279}.Release|Any CPU.Build.0 = Release|Any CPU
	EndGlobalSection
	GlobalSection(SolutionProperties) = preSolution
		HideSolutionNode = FALSE
	EndGlobalSection
	GlobalSection(ExtensibilityGlobals) = postSolution
		SolutionGuid = {94B8C973-1E60-4B3E-987A-16E83F880D66}
	EndGlobalSection
EndGlobal
